
Microsoft Visual Studio Solution File, Format Version 12.00
# Visual Studio 15
VisualStudioVersion = 15.0.27703.2042
MinimumVisualStudioVersion = 10.0.40219.1
Project("{FAE04EC0-301F-11D3-BF4B-00C04F79EFBC}") = "randomApp", "randomApp\randomApp.csproj", "{BA23D708-912D-4ACD-88ED-55119F0F02A0}"
EndProject
Global
	GlobalSection(SolutionConfigurationPlatforms) = preSolution
		Debug|Any CPU = Debug|Any CPU
		Release|Any CPU = Release|Any CPU
	EndGlobalSection
	GlobalSection(ProjectConfigurationPlatforms) = postSolution
		{BA23D708-912D-4ACD-88ED-55119F0F02A0}.Debug|Any CPU.ActiveCfg = Debug|Any CPU
		{BA23D708-912D-4ACD-88ED-55119F0F02A0}.Debug|Any CPU.Build.0 = Debug|Any CPU
		{BA23D708-912D-4ACD-88ED-55119F0F02A0}.Release|Any CPU.ActiveCfg = Release|Any CPU
		{BA23D708-912D-4ACD-88ED-55119F0F02A0}.Release|Any CPU.Build.0 = Release|Any CPU
	EndGlobalSection
	GlobalSection(SolutionProperties) = preSolution
		HideSolutionNode = FALSE
	EndGlobalSection
	GlobalSection(ExtensibilityGlobals) = postSolution
		SolutionGuid = {12366C8E-48F6-4B0D-8D50-20EB472A0F66}
	EndGlobalSection
EndGlobal
